
Microsoft Visual Studio Solution File, Format Version 12.00
# Visual Studio Version 17
VisualStudioVersion = 17.5.001.0
MinimumVisualStudioVersion = 10.0.40219.1
Project("{9A19103F-16F7-4668-BE54-9A1E7A4F7556}") = "Simplz.Grafana.Loki", "Simplz.Grafana.Loki.csproj", "{F3663D92-9F70-4069-AE68-578E3F14711E}"
EndProject
Global
	GlobalSection(SolutionConfigurationPlatforms) = preSolution
		Debug|Any CPU = Debug|Any CPU
		Release|Any CPU = Release|Any CPU
	EndGlobalSection
	GlobalSection(ProjectConfigurationPlatforms) = postSolution
		{F3663D92-9F70-4069-AE68-578E3F14711E}.Debug|Any CPU.ActiveCfg = Debug|Any CPU
		{F3663D92-9F70-4069-AE68-578E3F14711E}.Debug|Any CPU.Build.0 = Debug|Any CPU
		{F3663D92-9F70-4069-AE68-578E3F14711E}.Release|Any CPU.ActiveCfg = Release|Any CPU
		{F3663D92-9F70-4069-AE68-578E3F14711E}.Release|Any CPU.Build.0 = Release|Any CPU
	EndGlobalSection
	GlobalSection(SolutionProperties) = preSolution
		HideSolutionNode = FALSE
	EndGlobalSection
	GlobalSection(ExtensibilityGlobals) = postSolution
		SolutionGuid = {1CBDA084-07BD-42B8-86AB-B430D4E0EE71}
	EndGlobalSection
EndGlobal
